// !$*UTF8*$!
{
	archiveVersion = 1;
	classes = {
	};
	objectVersion = 46;
	objects = {

/* Begin PBXBuildFile section */
		145BA8C11F2F4AD700F7C285 /* libcurses.tbd in Frameworks */ = {isa = PBXBuildFile; fileRef = 145BA8C01F2F4AD700F7C285 /* libcurses.tbd */; settings = {ATTRIBUTES = (Weak, ); }; };
		145BA8C31F2F4B5B00F7C285 /* libncurses.5.4.tbd in Frameworks */ = {isa = PBXBuildFile; fileRef = 145BA8C21F2F4B5B00F7C285 /* libncurses.5.4.tbd */; settings = {ATTRIBUTES = (Weak, ); }; };
		14E77E841F20A65A00A78114 /* main.cpp in Sources */ = {isa = PBXBuildFile; fileRef = 14E77E831F20A65A00A78114 /* main.cpp */; };
		14E77E8C1F20A66A00A78114 /* RBTree.cpp in Sources */ = {isa = PBXBuildFile; fileRef = 14E77E8A1F20A66A00A78114 /* RBTree.cpp */; };
/* End PBXBuildFile section */

/* Begin PBXCopyFilesBuildPhase section */
		14E77E7E1F20A65900A78114 /* CopyFiles */ = {
			isa = PBXCopyFilesBuildPhase;
			buildActionMask = 2147483647;
			dstPath = /usr/share/man/man1/;
			dstSubfolderSpec = 0;
			files = (
			);
			runOnlyForDeploymentPostprocessing = 1;
		};
/* End PBXCopyFilesBuildPhase section */

/* Begin PBXFileReference section */
		1450824E1FE4ED1C00E5291D /* UnusedCode.h */ = {isa = PBXFileReference; lastKnownFileType = sourcecode.c.h; path = UnusedCode.h; sourceTree = "<group>"; };
		145BA8C01F2F4AD700F7C285 /* libcurses.tbd */ = {isa = PBXFileReference; lastKnownFileType = "sourcecode.text-based-dylib-definition"; name = libcurses.tbd; path = usr/lib/libcurses.tbd; sourceTree = SDKROOT; };
		145BA8C21F2F4B5B00F7C285 /* libncurses.5.4.tbd */ = {isa = PBXFileReference; lastKnownFileType = "sourcecode.text-based-dylib-definition"; name = libncurses.5.4.tbd; path = usr/lib/libncurses.5.4.tbd; sourceTree = SDKROOT; };
		14E77E801F20A65A00A78114 /* RBTree_Xcode */ = {isa = PBXFileReference; explicitFileType = "compiled.mach-o.executable"; includeInIndex = 0; path = RBTree_Xcode; sourceTree = BUILT_PRODUCTS_DIR; };
		14E77E831F20A65A00A78114 /* main.cpp */ = {isa = PBXFileReference; lastKnownFileType = sourcecode.cpp.cpp; path = main.cpp; sourceTree = "<group>"; };
		14E77E8A1F20A66A00A78114 /* RBTree.cpp */ = {isa = PBXFileReference; fileEncoding = 4; lastKnownFileType = sourcecode.cpp.cpp; path = RBTree.cpp; sourceTree = "<group>"; };
		14E77E8B1F20A66A00A78114 /* RBTree.hpp */ = {isa = PBXFileReference; fileEncoding = 4; lastKnownFileType = sourcecode.cpp.h; path = RBTree.hpp; sourceTree = "<group>"; };
/* End PBXFileReference section */

/* Begin PBXFrameworksBuildPhase section */
		14E77E7D1F20A65900A78114 /* Frameworks */ = {
			isa = PBXFrameworksBuildPhase;
			buildActionMask = 2147483647;
			files = (
				145BA8C31F2F4B5B00F7C285 /* libncurses.5.4.tbd in Frameworks */,
				145BA8C11F2F4AD700F7C285 /* libcurses.tbd in Frameworks */,
			);
			runOnlyForDeploymentPostprocessing = 0;
		};
/* End PBXFrameworksBuildPhase section */

/* Begin PBXGroup section */
		145BA8BF1F2F4AD700F7C285 /* Frameworks */ = {
			isa = PBXGroup;
			children = (
				145BA8C21F2F4B5B00F7C285 /* libncurses.5.4.tbd */,
				145BA8C01F2F4AD700F7C285 /* libcurses.tbd */,
			);
			name = Frameworks;
			sourceTree = "<group>";
		};
		14E77E771F20A65900A78114 = {
			isa = PBXGroup;
			children = (
				14E77E821F20A65A00A78114 /* RBTree */,
				14E77E811F20A65A00A78114 /* Products */,
				145BA8BF1F2F4AD700F7C285 /* Frameworks */,
			);
			sourceTree = "<group>";
		};
		14E77E811F20A65A00A78114 /* Products */ = {
			isa = PBXGroup;
			children = (
				14E77E801F20A65A00A78114 /* RBTree_Xcode */,
			);
			name = Products;
			sourceTree = "<group>";
		};
		14E77E821F20A65A00A78114 /* RBTree */ = {
			isa = PBXGroup;
			children = (
				14E77E831F20A65A00A78114 /* main.cpp */,
				14E77E8A1F20A66A00A78114 /* RBTree.cpp */,
				14E77E8B1F20A66A00A78114 /* RBTree.hpp */,
				1450824E1FE4ED1C00E5291D /* UnusedCode.h */,
			);
			path = RBTree;
			sourceTree = "<group>";
		};
/* End PBXGroup section */

/* Begin PBXNativeTarget section */
		14E77E7F1F20A65900A78114 /* RBTree_Xcode */ = {
			isa = PBXNativeTarget;
			buildConfigurationList = 14E77E871F20A65A00A78114 /* Build configuration list for PBXNativeTarget "RBTree_Xcode" */;
			buildPhases = (
				14E77E7C1F20A65900A78114 /* Sources */,
				14E77E7D1F20A65900A78114 /* Frameworks */,
				14E77E7E1F20A65900A78114 /* CopyFiles */,
			);
			buildRules = (
			);
			dependencies = (
			);
			name = RBTree_Xcode;
			productName = RBTree_Xcode;
			productReference = 14E77E801F20A65A00A78114 /* RBTree_Xcode */;
			productType = "com.apple.product-type.tool";
		};
/* End PBXNativeTarget section */

/* Begin PBXProject section */
		14E77E781F20A65900A78114 /* Project object */ = {
			isa = PBXProject;
			attributes = {
				LastUpgradeCheck = 0900;
				ORGANIZATIONNAME = "区彦成";
				TargetAttributes = {
					14E77E7F1F20A65900A78114 = {
						CreatedOnToolsVersion = 8.3.3;
						DevelopmentTeam = 8YR9ST4BA5;
						ProvisioningStyle = Automatic;
					};
				};
			};
			buildConfigurationList = 14E77E7B1F20A65900A78114 /* Build configuration list for PBXProject "RBTree_Xcode" */;
			compatibilityVersion = "Xcode 3.2";
			developmentRegion = English;
			hasScannedForEncodings = 0;
			knownRegions = (
				en,
			);
			mainGroup = 14E77E771F20A65900A78114;
			productRefGroup = 14E77E811F20A65A00A78114 /* Products */;
			projectDirPath = "";
			projectRoot = "";
			targets = (
				14E77E7F1F20A65900A78114 /* RBTree_Xcode */,
			);
		};
/* End PBXProject section */

/* Begin PBXSourcesBuildPhase section */
		14E77E7C1F20A65900A78114 /* Sources */ = {
			isa = PBXSourcesBuildPhase;
			buildActionMask = 2147483647;
			files = (
				14E77E841F20A65A00A78114 /* main.cpp in Sources */,
				14E77E8C1F20A66A00A78114 /* RBTree.cpp in Sources */,
			);
			runOnlyForDeploymentPostprocessing = 0;
		};
/* End PBXSourcesBuildPhase section */

/* Begin XCBuildConfiguration section */
		14E77E851F20A65A00A78114 /* Debug */ = {
			isa = XCBuildConfiguration;
			buildSettings = {
				ALWAYS_SEARCH_USER_PATHS = NO;
				CLANG_ANALYZER_NONNULL = YES;
				CLANG_ANALYZER_NUMBER_OBJECT_CONVERSION = YES_AGGRESSIVE;
				CLANG_CXX_LANGUAGE_STANDARD = "c++0x";
				CLANG_CXX_LIBRARY = "libc++";
				CLANG_ENABLE_MODULES = YES;
				CLANG_ENABLE_OBJC_ARC = YES;
				CLANG_WARN_BLOCK_CAPTURE_AUTORELEASING = YES;
				CLANG_WARN_BOOL_CONVERSION = YES;
				CLANG_WARN_COMMA = YES;
				CLANG_WARN_CONSTANT_CONVERSION = YES;
				CLANG_WARN_DIRECT_OBJC_ISA_USAGE = YES_ERROR;
				CLANG_WARN_DOCUMENTATION_COMMENTS = YES;
				CLANG_WARN_EMPTY_BODY = YES;
				CLANG_WARN_ENUM_CONVERSION = YES;
				CLANG_WARN_INFINITE_RECURSION = YES;
				CLANG_WARN_INT_CONVERSION = YES;
				CLANG_WARN_NON_LITERAL_NULL_CONVERSION = YES;
				CLANG_WARN_OBJC_LITERAL_CONVERSION = YES;
				CLANG_WARN_OBJC_ROOT_CLASS = YES_ERROR;
				CLANG_WARN_RANGE_LOOP_ANALYSIS = YES;
				CLANG_WARN_STRICT_PROTOTYPES = YES;
				CLANG_WARN_SUSPICIOUS_MOVE = YES;
				CLANG_WARN_UNREACHABLE_CODE = YES;
				CLANG_WARN__DUPLICATE_METHOD_MATCH = YES;
				CODE_SIGN_IDENTITY = "-";
				COPY_PHASE_STRIP = NO;
				DEBUG_INFORMATION_FORMAT = dwarf;
				ENABLE_STRICT_OBJC_MSGSEND = YES;
				ENABLE_TESTABILITY = YES;
				GCC_C_LANGUAGE_STANDARD = gnu99;
				GCC_DYNAMIC_NO_PIC = NO;
				GCC_NO_COMMON_BLOCKS = YES;
				GCC_OPTIMIZATION_LEVEL = 0;
				GCC_PREPROCESSOR_DEFINITIONS = (
					"DEBUG=1",
					"$(inherited)",
				);
				GCC_WARN_64_TO_32_BIT_CONVERSION = YES;
				GCC_WARN_ABOUT_RETURN_TYPE = YES_ERROR;
				GCC_WARN_UNDECLARED_SELECTOR = YES;
				GCC_WARN_UNINITIALIZED_AUTOS = YES_AGGRESSIVE;
				GCC_WARN_UNUSED_FUNCTION = YES;
				GCC_WARN_UNUSED_VARIABLE = YES;
				MACOSX_DEPLOYMENT_TARGET = 10.12;
				MTL_ENABLE_DEBUG_INFO = YES;
				ONLY_ACTIVE_ARCH = YES;
				SDKROOT = macosx;
			};
			name = Debug;
		};
		14E77E861F20A65A00A78114 /* Release */ = {
			isa = XCBuildConfiguration;
			buildSettings = {
				ALWAYS_SEARCH_USER_PATHS = NO;
				CLANG_ANALYZER_NONNULL = YES;
				CLANG_ANALYZER_NUMBER_OBJECT_CONVERSION = YES_AGGRESSIVE;
				CLANG_CXX_LANGUAGE_STANDARD = "c++0x";
				CLANG_CXX_LIBRARY = "libc++";
				CLANG_ENABLE_MODULES = YES;
				CLANG_ENABLE_OBJC_ARC = YES;
				CLANG_WARN_BLOCK_CAPTURE_AUTORELEASING = YES;
				CLANG_WARN_BOOL_CONVERSION = YES;
				CLANG_WARN_COMMA = YES;
				CLANG_WARN_CONSTANT_CONVERSION = YES;
				CLANG_WARN_DIRECT_OBJC_ISA_USAGE = YES_ERROR;
				CLANG_WARN_DOCUMENTATION_COMMENTS = YES;
				CLANG_WARN_EMPTY_BODY = YES;
				CLANG_WARN_ENUM_CONVERSION = YES;
				CLANG_WARN_INFINITE_RECURSION = YES;
				CLANG_WARN_INT_CONVERSION = YES;
				CLANG_WARN_NON_LITERAL_NULL_CONVERSION = YES;
				CLANG_WARN_OBJC_LITERAL_CONVERSION = YES;
				CLANG_WARN_OBJC_ROOT_CLASS = YES_ERROR;
				CLANG_WARN_RANGE_LOOP_ANALYSIS = YES;
				CLANG_WARN_STRICT_PROTOTYPES = YES;
				CLANG_WARN_SUSPICIOUS_MOVE = YES;
				CLANG_WARN_UNREACHABLE_CODE = YES;
				CLANG_WARN__DUPLICATE_METHOD_MATCH = YES;
				CODE_SIGN_IDENTITY = "-";
				COPY_PHASE_STRIP = NO;
				DEBUG_INFORMATION_FORMAT = "dwarf-with-dsym";
				ENABLE_NS_ASSERTIONS = NO;
				ENABLE_STRICT_OBJC_MSGSEND = YES;
				GCC_C_LANGUAGE_STANDARD = gnu99;
				GCC_NO_COMMON_BLOCKS = YES;
				GCC_WARN_64_TO_32_BIT_CONVERSION = YES;
				GCC_WARN_ABOUT_RETURN_TYPE = YES_ERROR;
				GCC_WARN_UNDECLARED_SELECTOR = YES;
				GCC_WARN_UNINITIALIZED_AUTOS = YES_AGGRESSIVE;
				GCC_WARN_UNUSED_FUNCTION = YES;
				GCC_WARN_UNUSED_VARIABLE = YES;
				MACOSX_DEPLOYMENT_TARGET = 10.12;
				MTL_ENABLE_DEBUG_INFO = NO;
				SDKROOT = macosx;
			};
			name = Release;
		};
		14E77E881F20A65A00A78114 /* Debug */ = {
			isa = XCBuildConfiguration;
			buildSettings = {
				DEVELOPMENT_TEAM = 8YR9ST4BA5;
				MACOSX_DEPLOYMENT_TARGET = 10.12;
				PRODUCT_NAME = "$(TARGET_NAME)";
			};
			name = Debug;
		};
		14E77E891F20A65A00A78114 /* Release */ = {
			isa = XCBuildConfiguration;
			buildSettings = {
				DEVELOPMENT_TEAM = 8YR9ST4BA5;
				MACOSX_DEPLOYMENT_TARGET = 10.12;
				PRODUCT_NAME = "$(TARGET_NAME)";
			};
			name = Release;
		};
/* End XCBuildConfiguration section */

/* Begin XCConfigurationList section */
		14E77E7B1F20A65900A78114 /* Build configuration list for PBXProject "RBTree_Xcode" */ = {
			isa = XCConfigurationList;
			buildConfigurations = (
				14E77E851F20A65A00A78114 /* Debug */,
				14E77E861F20A65A00A78114 /* Release */,
			);
			defaultConfigurationIsVisible = 0;
			defaultConfigurationName = Release;
		};
		14E77E871F20A65A00A78114 /* Build configuration list for PBXNativeTarget "RBTree_Xcode" */ = {
			isa = XCConfigurationList;
			buildConfigurations = (
				14E77E881F20A65A00A78114 /* Debug */,
				14E77E891F20A65A00A78114 /* Release */,
			);
			defaultConfigurationIsVisible = 0;
			defaultConfigurationName = Release;
		};
/* End XCConfigurationList section */
	};
	rootObject = 14E77E781F20A65900A78114 /* Project object */;
}
